
Microsoft Visual Studio Solution File, Format Version 11.00
# Visual Studio 2010
Project("{FAE04EC0-301F-11D3-BF4B-00C04F79EFBC}") = "BintreesMonoDroid", "BintreesMonoDroid\BintreesMonoDroid.csproj", "{056E0F93-8D6D-4FBE-9F2E-480B1233C0A4}"
EndProject
Global
	GlobalSection(SolutionConfigurationPlatforms) = preSolution
		Debug|Any CPU = Debug|Any CPU
		Release|Any CPU = Release|Any CPU
	EndGlobalSection
	GlobalSection(ProjectConfigurationPlatforms) = postSolution
		{056E0F93-8D6D-4FBE-9F2E-480B1233C0A4}.Debug|Any CPU.ActiveCfg = Debug|Any CPU
		{056E0F93-8D6D-4FBE-9F2E-480B1233C0A4}.Debug|Any CPU.Build.0 = Debug|Any CPU
		{056E0F93-8D6D-4FBE-9F2E-480B1233C0A4}.Release|Any CPU.ActiveCfg = Release|Any CPU
		{056E0F93-8D6D-4FBE-9F2E-480B1233C0A4}.Release|Any CPU.Build.0 = Release|Any CPU
	EndGlobalSection
	GlobalSection(MonoDevelopProperties) = preSolution
		StartupItem = BintreesMonoDroid\BintreesMonoDroid.csproj
	EndGlobalSection
EndGlobal
