
Microsoft Visual Studio Solution File, Format Version 11.00
# Visual Studio 2010
Project("{FAE04EC0-301F-11D3-BF4B-00C04F79EFBC}") = "Scimark_Csharp_Android", "Scimark_Csharp_Android\Scimark_Csharp_Android.csproj", "{0328C42E-297C-4176-B101-2F36F0B4B24F}"
EndProject
Global
	GlobalSection(SolutionConfigurationPlatforms) = preSolution
		Debug|Any CPU = Debug|Any CPU
		Release|Any CPU = Release|Any CPU
	EndGlobalSection
	GlobalSection(ProjectConfigurationPlatforms) = postSolution
		{0328C42E-297C-4176-B101-2F36F0B4B24F}.Debug|Any CPU.ActiveCfg = Debug|Any CPU
		{0328C42E-297C-4176-B101-2F36F0B4B24F}.Debug|Any CPU.Build.0 = Debug|Any CPU
		{0328C42E-297C-4176-B101-2F36F0B4B24F}.Release|Any CPU.ActiveCfg = Release|Any CPU
		{0328C42E-297C-4176-B101-2F36F0B4B24F}.Release|Any CPU.Build.0 = Release|Any CPU
	EndGlobalSection
	GlobalSection(MonoDevelopProperties) = preSolution
		StartupItem = Scimark_Csharp_Android\Scimark_Csharp_Android.csproj
	EndGlobalSection
EndGlobal
